// !$*UTF8*$!
{
	archiveVersion = 1;
	classes = {
	};
	objectVersion = 56;
	objects = {

/* Begin PBXBuildFile section */
		0C689D2D2C2B5BBD006A4235 /* AppDelegate.swift in Sources */ = {isa = PBXBuildFile; fileRef = 0C689D2C2C2B5BBD006A4235 /* AppDelegate.swift */; };
		0C689D2F2C2B5BBD006A4235 /* SceneDelegate.swift in Sources */ = {isa = PBXBuildFile; fileRef = 0C689D2E2C2B5BBD006A4235 /* SceneDelegate.swift */; };
		0C689D312C2B5BBD006A4235 /* NewsViewController.swift in Sources */ = {isa = PBXBuildFile; fileRef = 0C689D302C2B5BBD006A4235 /* NewsViewController.swift */; };
		0C689D342C2B5BBD006A4235 /* Base in Resources */ = {isa = PBXBuildFile; fileRef = 0C689D332C2B5BBD006A4235 /* Base */; };
		0C689D362C2B5BBF006A4235 /* Assets.xcassets in Resources */ = {isa = PBXBuildFile; fileRef = 0C689D352C2B5BBF006A4235 /* Assets.xcassets */; };
		0C689D392C2B5BBF006A4235 /* Base in Resources */ = {isa = PBXBuildFile; fileRef = 0C689D382C2B5BBF006A4235 /* Base */; };
		0C689D442C2B5BBF006A4235 /* HackerNewsTests.swift in Sources */ = {isa = PBXBuildFile; fileRef = 0C689D432C2B5BBF006A4235 /* HackerNewsTests.swift */; };
		0C689D4E2C2B5BBF006A4235 /* HackerNewsUITests.swift in Sources */ = {isa = PBXBuildFile; fileRef = 0C689D4D2C2B5BBF006A4235 /* HackerNewsUITests.swift */; };
		0C689D502C2B5BBF006A4235 /* HackerNewsUITestsLaunchTests.swift in Sources */ = {isa = PBXBuildFile; fileRef = 0C689D4F2C2B5BBF006A4235 /* HackerNewsUITestsLaunchTests.swift */; };
		0C689D5E2C2B5C57006A4235 /* NewsModel.swift in Sources */ = {isa = PBXBuildFile; fileRef = 0C689D5D2C2B5C57006A4235 /* NewsModel.swift */; };
		0C689D612C2B5DA1006A4235 /* ApiManager.swift in Sources */ = {isa = PBXBuildFile; fileRef = 0C689D602C2B5DA1006A4235 /* ApiManager.swift */; };
		0C689D642C2B5EA0006A4235 /* Constants.swift in Sources */ = {isa = PBXBuildFile; fileRef = 0C689D632C2B5EA0006A4235 /* Constants.swift */; };
		0C689D682C2B5F54006A4235 /* NewsViewModel.swift in Sources */ = {isa = PBXBuildFile; fileRef = 0C689D672C2B5F54006A4235 /* NewsViewModel.swift */; };
		0C689D6B2C2B5FE9006A4235 /* Protocols.swift in Sources */ = {isa = PBXBuildFile; fileRef = 0C689D6A2C2B5FE9006A4235 /* Protocols.swift */; };
		0C689D6E2C2B62C8006A4235 /* NewsTableCell.swift in Sources */ = {isa = PBXBuildFile; fileRef = 0C689D6D2C2B62C8006A4235 /* NewsTableCell.swift */; };
/* End PBXBuildFile section */

/* Begin PBXContainerItemProxy section */
		0C689D402C2B5BBF006A4235 /* PBXContainerItemProxy */ = {
			isa = PBXContainerItemProxy;
			containerPortal = 0C689D212C2B5BBD006A4235 /* Project object */;
			proxyType = 1;
			remoteGlobalIDString = 0C689D282C2B5BBD006A4235;
			remoteInfo = HackerNews;
		};
		0C689D4A2C2B5BBF006A4235 /* PBXContainerItemProxy */ = {
			isa = PBXContainerItemProxy;
			containerPortal = 0C689D212C2B5BBD006A4235 /* Project object */;
			proxyType = 1;
			remoteGlobalIDString = 0C689D282C2B5BBD006A4235;
			remoteInfo = HackerNews;
		};
/* End PBXContainerItemProxy section */

/* Begin PBXFileReference section */
		0C689D292C2B5BBD006A4235 /* HackerNews.app */ = {isa = PBXFileReference; explicitFileType = wrapper.application; includeInIndex = 0; path = HackerNews.app; sourceTree = BUILT_PRODUCTS_DIR; };
		0C689D2C2C2B5BBD006A4235 /* AppDelegate.swift */ = {isa = PBXFileReference; lastKnownFileType = sourcecode.swift; path = AppDelegate.swift; sourceTree = "<group>"; };
		0C689D2E2C2B5BBD006A4235 /* SceneDelegate.swift */ = {isa = PBXFileReference; lastKnownFileType = sourcecode.swift; path = SceneDelegate.swift; sourceTree = "<group>"; };
		0C689D302C2B5BBD006A4235 /* NewsViewController.swift */ = {isa = PBXFileReference; lastKnownFileType = sourcecode.swift; path = NewsViewController.swift; sourceTree = "<group>"; };
		0C689D332C2B5BBD006A4235 /* Base */ = {isa = PBXFileReference; lastKnownFileType = file.storyboard; name = Base; path = Base.lproj/Main.storyboard; sourceTree = "<group>"; };
		0C689D352C2B5BBF006A4235 /* Assets.xcassets */ = {isa = PBXFileReference; lastKnownFileType = folder.assetcatalog; path = Assets.xcassets; sourceTree = "<group>"; };
		0C689D382C2B5BBF006A4235 /* Base */ = {isa = PBXFileReference; lastKnownFileType = file.storyboard; name = Base; path = Base.lproj/LaunchScreen.storyboard; sourceTree = "<group>"; };
		0C689D3A2C2B5BBF006A4235 /* Info.plist */ = {isa = PBXFileReference; lastKnownFileType = text.plist.xml; path = Info.plist; sourceTree = "<group>"; };
		0C689D3F2C2B5BBF006A4235 /* HackerNewsTests.xctest */ = {isa = PBXFileReference; explicitFileType = wrapper.cfbundle; includeInIndex = 0; path = HackerNewsTests.xctest; sourceTree = BUILT_PRODUCTS_DIR; };
		0C689D432C2B5BBF006A4235 /* HackerNewsTests.swift */ = {isa = PBXFileReference; lastKnownFileType = sourcecode.swift; path = HackerNewsTests.swift; sourceTree = "<group>"; };
		0C689D492C2B5BBF006A4235 /* HackerNewsUITests.xctest */ = {isa = PBXFileReference; explicitFileType = wrapper.cfbundle; includeInIndex = 0; path = HackerNewsUITests.xctest; sourceTree = BUILT_PRODUCTS_DIR; };
		0C689D4D2C2B5BBF006A4235 /* HackerNewsUITests.swift */ = {isa = PBXFileReference; lastKnownFileType = sourcecode.swift; path = HackerNewsUITests.swift; sourceTree = "<group>"; };
		0C689D4F2C2B5BBF006A4235 /* HackerNewsUITestsLaunchTests.swift */ = {isa = PBXFileReference; lastKnownFileType = sourcecode.swift; path = HackerNewsUITestsLaunchTests.swift; sourceTree = "<group>"; };
		0C689D5D2C2B5C57006A4235 /* NewsModel.swift */ = {isa = PBXFileReference; lastKnownFileType = sourcecode.swift; path = NewsModel.swift; sourceTree = "<group>"; };
		0C689D602C2B5DA1006A4235 /* ApiManager.swift */ = {isa = PBXFileReference; lastKnownFileType = sourcecode.swift; path = ApiManager.swift; sourceTree = "<group>"; };
		0C689D632C2B5EA0006A4235 /* Constants.swift */ = {isa = PBXFileReference; lastKnownFileType = sourcecode.swift; path = Constants.swift; sourceTree = "<group>"; };
		0C689D672C2B5F54006A4235 /* NewsViewModel.swift */ = {isa = PBXFileReference; lastKnownFileType = sourcecode.swift; path = NewsViewModel.swift; sourceTree = "<group>"; };
		0C689D6A2C2B5FE9006A4235 /* Protocols.swift */ = {isa = PBXFileReference; lastKnownFileType = sourcecode.swift; path = Protocols.swift; sourceTree = "<group>"; };
		0C689D6D2C2B62C8006A4235 /* NewsTableCell.swift */ = {isa = PBXFileReference; lastKnownFileType = sourcecode.swift; path = NewsTableCell.swift; sourceTree = "<group>"; };
/* End PBXFileReference section */

/* Begin PBXFrameworksBuildPhase section */
		0C689D262C2B5BBD006A4235 /* Frameworks */ = {
			isa = PBXFrameworksBuildPhase;
			buildActionMask = 2147483647;
			files = (
			);
			runOnlyForDeploymentPostprocessing = 0;
		};
		0C689D3C2C2B5BBF006A4235 /* Frameworks */ = {
			isa = PBXFrameworksBuildPhase;
			buildActionMask = 2147483647;
			files = (
			);
			runOnlyForDeploymentPostprocessing = 0;
		};
		0C689D462C2B5BBF006A4235 /* Frameworks */ = {
			isa = PBXFrameworksBuildPhase;
			buildActionMask = 2147483647;
			files = (
			);
			runOnlyForDeploymentPostprocessing = 0;
		};
/* End PBXFrameworksBuildPhase section */

/* Begin PBXGroup section */
		0C689D202C2B5BBD006A4235 = {
			isa = PBXGroup;
			children = (
				0C689D2B2C2B5BBD006A4235 /* HackerNews */,
				0C689D422C2B5BBF006A4235 /* HackerNewsTests */,
				0C689D4C2C2B5BBF006A4235 /* HackerNewsUITests */,
				0C689D2A2C2B5BBD006A4235 /* Products */,
			);
			sourceTree = "<group>";
		};
		0C689D2A2C2B5BBD006A4235 /* Products */ = {
			isa = PBXGroup;
			children = (
				0C689D292C2B5BBD006A4235 /* HackerNews.app */,
				0C689D3F2C2B5BBF006A4235 /* HackerNewsTests.xctest */,
				0C689D492C2B5BBF006A4235 /* HackerNewsUITests.xctest */,
			);
			name = Products;
			sourceTree = "<group>";
		};
		0C689D2B2C2B5BBD006A4235 /* HackerNews */ = {
			isa = PBXGroup;
			children = (
				0C689D6C2C2B6183006A4235 /* View */,
				0C689D652C2B5F30006A4235 /* ViewModel */,
				0C689D622C2B5E94006A4235 /* Common */,
				0C689D5F2C2B5D8D006A4235 /* Networking */,
				0C689D5C2C2B5C48006A4235 /* Model */,
				0C689D2C2C2B5BBD006A4235 /* AppDelegate.swift */,
				0C689D2E2C2B5BBD006A4235 /* SceneDelegate.swift */,
				0C689D322C2B5BBD006A4235 /* Main.storyboard */,
				0C689D352C2B5BBF006A4235 /* Assets.xcassets */,
				0C689D372C2B5BBF006A4235 /* LaunchScreen.storyboard */,
				0C689D3A2C2B5BBF006A4235 /* Info.plist */,
			);
			path = HackerNews;
			sourceTree = "<group>";
		};
		0C689D422C2B5BBF006A4235 /* HackerNewsTests */ = {
			isa = PBXGroup;
			children = (
				0C689D432C2B5BBF006A4235 /* HackerNewsTests.swift */,
			);
			path = HackerNewsTests;
			sourceTree = "<group>";
		};
		0C689D4C2C2B5BBF006A4235 /* HackerNewsUITests */ = {
			isa = PBXGroup;
			children = (
				0C689D4D2C2B5BBF006A4235 /* HackerNewsUITests.swift */,
				0C689D4F2C2B5BBF006A4235 /* HackerNewsUITestsLaunchTests.swift */,
			);
			path = HackerNewsUITests;
			sourceTree = "<group>";
		};
		0C689D5C2C2B5C48006A4235 /* Model */ = {
			isa = PBXGroup;
			children = (
				0C689D5D2C2B5C57006A4235 /* NewsModel.swift */,
			);
			path = Model;
			sourceTree = "<group>";
		};
		0C689D5F2C2B5D8D006A4235 /* Networking */ = {
			isa = PBXGroup;
			children = (
				0C689D602C2B5DA1006A4235 /* ApiManager.swift */,
				0C689D6A2C2B5FE9006A4235 /* Protocols.swift */,
			);
			path = Networking;
			sourceTree = "<group>";
		};
		0C689D622C2B5E94006A4235 /* Common */ = {
			isa = PBXGroup;
			children = (
				0C689D632C2B5EA0006A4235 /* Constants.swift */,
			);
			path = Common;
			sourceTree = "<group>";
		};
		0C689D652C2B5F30006A4235 /* ViewModel */ = {
			isa = PBXGroup;
			children = (
				0C689D672C2B5F54006A4235 /* NewsViewModel.swift */,
			);
			path = ViewModel;
			sourceTree = "<group>";
		};
		0C689D6C2C2B6183006A4235 /* View */ = {
			isa = PBXGroup;
			children = (
				0C689D302C2B5BBD006A4235 /* NewsViewController.swift */,
				0C689D6D2C2B62C8006A4235 /* NewsTableCell.swift */,
			);
			path = View;
			sourceTree = "<group>";
		};
/* End PBXGroup section */

/* Begin PBXNativeTarget section */
		0C689D282C2B5BBD006A4235 /* HackerNews */ = {
			isa = PBXNativeTarget;
			buildConfigurationList = 0C689D532C2B5BBF006A4235 /* Build configuration list for PBXNativeTarget "HackerNews" */;
			buildPhases = (
				0C689D252C2B5BBD006A4235 /* Sources */,
				0C689D262C2B5BBD006A4235 /* Frameworks */,
				0C689D272C2B5BBD006A4235 /* Resources */,
			);
			buildRules = (
			);
			dependencies = (
			);
			name = HackerNews;
			productName = HackerNews;
			productReference = 0C689D292C2B5BBD006A4235 /* HackerNews.app */;
			productType = "com.apple.product-type.application";
		};
		0C689D3E2C2B5BBF006A4235 /* HackerNewsTests */ = {
			isa = PBXNativeTarget;
			buildConfigurationList = 0C689D562C2B5BBF006A4235 /* Build configuration list for PBXNativeTarget "HackerNewsTests" */;
			buildPhases = (
				0C689D3B2C2B5BBF006A4235 /* Sources */,
				0C689D3C2C2B5BBF006A4235 /* Frameworks */,
				0C689D3D2C2B5BBF006A4235 /* Resources */,
			);
			buildRules = (
			);
			dependencies = (
				0C689D412C2B5BBF006A4235 /* PBXTargetDependency */,
			);
			name = HackerNewsTests;
			productName = HackerNewsTests;
			productReference = 0C689D3F2C2B5BBF006A4235 /* HackerNewsTests.xctest */;
			productType = "com.apple.product-type.bundle.unit-test";
		};
		0C689D482C2B5BBF006A4235 /* HackerNewsUITests */ = {
			isa = PBXNativeTarget;
			buildConfigurationList = 0C689D592C2B5BBF006A4235 /* Build configuration list for PBXNativeTarget "HackerNewsUITests" */;
			buildPhases = (
				0C689D452C2B5BBF006A4235 /* Sources */,
				0C689D462C2B5BBF006A4235 /* Frameworks */,
				0C689D472C2B5BBF006A4235 /* Resources */,
			);
			buildRules = (
			);
			dependencies = (
				0C689D4B2C2B5BBF006A4235 /* PBXTargetDependency */,
			);
			name = HackerNewsUITests;
			productName = HackerNewsUITests;
			productReference = 0C689D492C2B5BBF006A4235 /* HackerNewsUITests.xctest */;
			productType = "com.apple.product-type.bundle.ui-testing";
		};
/* End PBXNativeTarget section */

/* Begin PBXProject section */
		0C689D212C2B5BBD006A4235 /* Project object */ = {
			isa = PBXProject;
			attributes = {
				BuildIndependentTargetsInParallel = 1;
				LastSwiftUpdateCheck = 1540;
				LastUpgradeCheck = 1540;
				TargetAttributes = {
					0C689D282C2B5BBD006A4235 = {
						CreatedOnToolsVersion = 15.4;
					};
					0C689D3E2C2B5BBF006A4235 = {
						CreatedOnToolsVersion = 15.4;
						TestTargetID = 0C689D282C2B5BBD006A4235;
					};
					0C689D482C2B5BBF006A4235 = {
						CreatedOnToolsVersion = 15.4;
						TestTargetID = 0C689D282C2B5BBD006A4235;
					};
				};
			};
			buildConfigurationList = 0C689D242C2B5BBD006A4235 /* Build configuration list for PBXProject "HackerNews" */;
			compatibilityVersion = "Xcode 14.0";
			developmentRegion = en;
			hasScannedForEncodings = 0;
			knownRegions = (
				en,
				Base,
			);
			mainGroup = 0C689D202C2B5BBD006A4235;
			productRefGroup = 0C689D2A2C2B5BBD006A4235 /* Products */;
			projectDirPath = "";
			projectRoot = "";
			targets = (
				0C689D282C2B5BBD006A4235 /* HackerNews */,
				0C689D3E2C2B5BBF006A4235 /* HackerNewsTests */,
				0C689D482C2B5BBF006A4235 /* HackerNewsUITests */,
			);
		};
/* End PBXProject section */

/* Begin PBXResourcesBuildPhase section */
		0C689D272C2B5BBD006A4235 /* Resources */ = {
			isa = PBXResourcesBuildPhase;
			buildActionMask = 2147483647;
			files = (
				0C689D362C2B5BBF006A4235 /* Assets.xcassets in Resources */,
				0C689D392C2B5BBF006A4235 /* Base in Resources */,
				0C689D342C2B5BBD006A4235 /* Base in Resources */,
			);
			runOnlyForDeploymentPostprocessing = 0;
		};
		0C689D3D2C2B5BBF006A4235 /* Resources */ = {
			isa = PBXResourcesBuildPhase;
			buildActionMask = 2147483647;
			files = (
			);
			runOnlyForDeploymentPostprocessing = 0;
		};
		0C689D472C2B5BBF006A4235 /* Resources */ = {
			isa = PBXResourcesBuildPhase;
			buildActionMask = 2147483647;
			files = (
			);
			runOnlyForDeploymentPostprocessing = 0;
		};
/* End PBXResourcesBuildPhase section */

/* Begin PBXSourcesBuildPhase section */
		0C689D252C2B5BBD006A4235 /* Sources */ = {
			isa = PBXSourcesBuildPhase;
			buildActionMask = 2147483647;
			files = (
				0C689D5E2C2B5C57006A4235 /* NewsModel.swift in Sources */,
				0C689D312C2B5BBD006A4235 /* NewsViewController.swift in Sources */,
				0C689D612C2B5DA1006A4235 /* ApiManager.swift in Sources */,
				0C689D2D2C2B5BBD006A4235 /* AppDelegate.swift in Sources */,
				0C689D682C2B5F54006A4235 /* NewsViewModel.swift in Sources */,
				0C689D2F2C2B5BBD006A4235 /* SceneDelegate.swift in Sources */,
				0C689D642C2B5EA0006A4235 /* Constants.swift in Sources */,
				0C689D6B2C2B5FE9006A4235 /* Protocols.swift in Sources */,
				0C689D6E2C2B62C8006A4235 /* NewsTableCell.swift in Sources */,
			);
			runOnlyForDeploymentPostprocessing = 0;
		};
		0C689D3B2C2B5BBF006A4235 /* Sources */ = {
			isa = PBXSourcesBuildPhase;
			buildActionMask = 2147483647;
			files = (
				0C689D442C2B5BBF006A4235 /* HackerNewsTests.swift in Sources */,
			);
			runOnlyForDeploymentPostprocessing = 0;
		};
		0C689D452C2B5BBF006A4235 /* Sources */ = {
			isa = PBXSourcesBuildPhase;
			buildActionMask = 2147483647;
			files = (
				0C689D4E2C2B5BBF006A4235 /* HackerNewsUITests.swift in Sources */,
				0C689D502C2B5BBF006A4235 /* HackerNewsUITestsLaunchTests.swift in Sources */,
			);
			runOnlyForDeploymentPostprocessing = 0;
		};
/* End PBXSourcesBuildPhase section */

/* Begin PBXTargetDependency section */
		0C689D412C2B5BBF006A4235 /* PBXTargetDependency */ = {
			isa = PBXTargetDependency;
			target = 0C689D282C2B5BBD006A4235 /* HackerNews */;
			targetProxy = 0C689D402C2B5BBF006A4235 /* PBXContainerItemProxy */;
		};
		0C689D4B2C2B5BBF006A4235 /* PBXTargetDependency */ = {
			isa = PBXTargetDependency;
			target = 0C689D282C2B5BBD006A4235 /* HackerNews */;
			targetProxy = 0C689D4A2C2B5BBF006A4235 /* PBXContainerItemProxy */;
		};
/* End PBXTargetDependency section */

/* Begin PBXVariantGroup section */
		0C689D322C2B5BBD006A4235 /* Main.storyboard */ = {
			isa = PBXVariantGroup;
			children = (
				0C689D332C2B5BBD006A4235 /* Base */,
			);
			name = Main.storyboard;
			sourceTree = "<group>";
		};
		0C689D372C2B5BBF006A4235 /* LaunchScreen.storyboard */ = {
			isa = PBXVariantGroup;
			children = (
				0C689D382C2B5BBF006A4235 /* Base */,
			);
			name = LaunchScreen.storyboard;
			sourceTree = "<group>";
		};
/* End PBXVariantGroup section */

/* Begin XCBuildConfiguration section */
		0C689D512C2B5BBF006A4235 /* Debug */ = {
			isa = XCBuildConfiguration;
			buildSettings = {
				ALWAYS_SEARCH_USER_PATHS = NO;
				ASSETCATALOG_COMPILER_GENERATE_SWIFT_ASSET_SYMBOL_EXTENSIONS = YES;
				CLANG_ANALYZER_NONNULL = YES;
				CLANG_ANALYZER_NUMBER_OBJECT_CONVERSION = YES_AGGRESSIVE;
				CLANG_CXX_LANGUAGE_STANDARD = "gnu++20";
				CLANG_ENABLE_MODULES = YES;
				CLANG_ENABLE_OBJC_ARC = YES;
				CLANG_ENABLE_OBJC_WEAK = YES;
				CLANG_WARN_BLOCK_CAPTURE_AUTORELEASING = YES;
				CLANG_WARN_BOOL_CONVERSION = YES;
				CLANG_WARN_COMMA = YES;
				CLANG_WARN_CONSTANT_CONVERSION = YES;
				CLANG_WARN_DEPRECATED_OBJC_IMPLEMENTATIONS = YES;
				CLANG_WARN_DIRECT_OBJC_ISA_USAGE = YES_ERROR;
				CLANG_WARN_DOCUMENTATION_COMMENTS = YES;
				CLANG_WARN_EMPTY_BODY = YES;
				CLANG_WARN_ENUM_CONVERSION = YES;
				CLANG_WARN_INFINITE_RECURSION = YES;
				CLANG_WARN_INT_CONVERSION = YES;
				CLANG_WARN_NON_LITERAL_NULL_CONVERSION = YES;
				CLANG_WARN_OBJC_IMPLICIT_RETAIN_SELF = YES;
				CLANG_WARN_OBJC_LITERAL_CONVERSION = YES;
				CLANG_WARN_OBJC_ROOT_CLASS = YES_ERROR;
				CLANG_WARN_QUOTED_INCLUDE_IN_FRAMEWORK_HEADER = YES;
				CLANG_WARN_RANGE_LOOP_ANALYSIS = YES;
				CLANG_WARN_STRICT_PROTOTYPES = YES;
				CLANG_WARN_SUSPICIOUS_MOVE = YES;
				CLANG_WARN_UNGUARDED_AVAILABILITY = YES_AGGRESSIVE;
				CLANG_WARN_UNREACHABLE_CODE = YES;
				CLANG_WARN__DUPLICATE_METHOD_MATCH = YES;
				COPY_PHASE_STRIP = NO;
				DEBUG_INFORMATION_FORMAT = dwarf;
				ENABLE_STRICT_OBJC_MSGSEND = YES;
				ENABLE_TESTABILITY = YES;
				ENABLE_USER_SCRIPT_SANDBOXING = YES;
				GCC_C_LANGUAGE_STANDARD = gnu17;
				GCC_DYNAMIC_NO_PIC = NO;
				GCC_NO_COMMON_BLOCKS = YES;
				GCC_OPTIMIZATION_LEVEL = 0;
				GCC_PREPROCESSOR_DEFINITIONS = (
					"DEBUG=1",
					"$(inherited)",
				);
				GCC_WARN_64_TO_32_BIT_CONVERSION = YES;
				GCC_WARN_ABOUT_RETURN_TYPE = YES_ERROR;
				GCC_WARN_UNDECLARED_SELECTOR = YES;
				GCC_WARN_UNINITIALIZED_AUTOS = YES_AGGRESSIVE;
				GCC_WARN_UNUSED_FUNCTION = YES;
				GCC_WARN_UNUSED_VARIABLE = YES;
				IPHONEOS_DEPLOYMENT_TARGET = 17.5;
				LOCALIZATION_PREFERS_STRING_CATALOGS = YES;
				MTL_ENABLE_DEBUG_INFO = INCLUDE_SOURCE;
				MTL_FAST_MATH = YES;
				ONLY_ACTIVE_ARCH = YES;
				SDKROOT = iphoneos;
				SWIFT_ACTIVE_COMPILATION_CONDITIONS = "DEBUG $(inherited)";
				SWIFT_OPTIMIZATION_LEVEL = "-Onone";
			};
			name = Debug;
		};
		0C689D522C2B5BBF006A4235 /* Release */ = {
			isa = XCBuildConfiguration;
			buildSettings = {
				ALWAYS_SEARCH_USER_PATHS = NO;
				ASSETCATALOG_COMPILER_GENERATE_SWIFT_ASSET_SYMBOL_EXTENSIONS = YES;
				CLANG_ANALYZER_NONNULL = YES;
				CLANG_ANALYZER_NUMBER_OBJECT_CONVERSION = YES_AGGRESSIVE;
				CLANG_CXX_LANGUAGE_STANDARD = "gnu++20";
				CLANG_ENABLE_MODULES = YES;
				CLANG_ENABLE_OBJC_ARC = YES;
				CLANG_ENABLE_OBJC_WEAK = YES;
				CLANG_WARN_BLOCK_CAPTURE_AUTORELEASING = YES;
				CLANG_WARN_BOOL_CONVERSION = YES;
				CLANG_WARN_COMMA = YES;
				CLANG_WARN_CONSTANT_CONVERSION = YES;
				CLANG_WARN_DEPRECATED_OBJC_IMPLEMENTATIONS = YES;
				CLANG_WARN_DIRECT_OBJC_ISA_USAGE = YES_ERROR;
				CLANG_WARN_DOCUMENTATION_COMMENTS = YES;
				CLANG_WARN_EMPTY_BODY = YES;
				CLANG_WARN_ENUM_CONVERSION = YES;
				CLANG_WARN_INFINITE_RECURSION = YES;
				CLANG_WARN_INT_CONVERSION = YES;
				CLANG_WARN_NON_LITERAL_NULL_CONVERSION = YES;
				CLANG_WARN_OBJC_IMPLICIT_RETAIN_SELF = YES;
				CLANG_WARN_OBJC_LITERAL_CONVERSION = YES;
				CLANG_WARN_OBJC_ROOT_CLASS = YES_ERROR;
				CLANG_WARN_QUOTED_INCLUDE_IN_FRAMEWORK_HEADER = YES;
				CLANG_WARN_RANGE_LOOP_ANALYSIS = YES;
				CLANG_WARN_STRICT_PROTOTYPES = YES;
				CLANG_WARN_SUSPICIOUS_MOVE = YES;
				CLANG_WARN_UNGUARDED_AVAILABILITY = YES_AGGRESSIVE;
				CLANG_WARN_UNREACHABLE_CODE = YES;
				CLANG_WARN__DUPLICATE_METHOD_MATCH = YES;
				COPY_PHASE_STRIP = NO;
				DEBUG_INFORMATION_FORMAT = "dwarf-with-dsym";
				ENABLE_NS_ASSERTIONS = NO;
				ENABLE_STRICT_OBJC_MSGSEND = YES;
				ENABLE_USER_SCRIPT_SANDBOXING = YES;
				GCC_C_LANGUAGE_STANDARD = gnu17;
				GCC_NO_COMMON_BLOCKS = YES;
				GCC_WARN_64_TO_32_BIT_CONVERSION = YES;
				GCC_WARN_ABOUT_RETURN_TYPE = YES_ERROR;
				GCC_WARN_UNDECLARED_SELECTOR = YES;
				GCC_WARN_UNINITIALIZED_AUTOS = YES_AGGRESSIVE;
				GCC_WARN_UNUSED_FUNCTION = YES;
				GCC_WARN_UNUSED_VARIABLE = YES;
				IPHONEOS_DEPLOYMENT_TARGET = 17.5;
				LOCALIZATION_PREFERS_STRING_CATALOGS = YES;
				MTL_ENABLE_DEBUG_INFO = NO;
				MTL_FAST_MATH = YES;
				SDKROOT = iphoneos;
				SWIFT_COMPILATION_MODE = wholemodule;
				VALIDATE_PRODUCT = YES;
			};
			name = Release;
		};
		0C689D542C2B5BBF006A4235 /* Debug */ = {
			isa = XCBuildConfiguration;
			buildSettings = {
				ASSETCATALOG_COMPILER_APPICON_NAME = AppIcon;
				ASSETCATALOG_COMPILER_GLOBAL_ACCENT_COLOR_NAME = AccentColor;
				CODE_SIGN_STYLE = Automatic;
				CURRENT_PROJECT_VERSION = 1;
				GENERATE_INFOPLIST_FILE = YES;
				INFOPLIST_FILE = HackerNews/Info.plist;
				INFOPLIST_KEY_UIApplicationSupportsIndirectInputEvents = YES;
				INFOPLIST_KEY_UILaunchStoryboardName = LaunchScreen;
				INFOPLIST_KEY_UIMainStoryboardFile = Main;
				INFOPLIST_KEY_UISupportedInterfaceOrientations_iPad = "UIInterfaceOrientationPortrait UIInterfaceOrientationPortraitUpsideDown UIInterfaceOrientationLandscapeLeft UIInterfaceOrientationLandscapeRight";
				INFOPLIST_KEY_UISupportedInterfaceOrientations_iPhone = "UIInterfaceOrientationPortrait UIInterfaceOrientationLandscapeLeft UIInterfaceOrientationLandscapeRight";
				LD_RUNPATH_SEARCH_PATHS = (
					"$(inherited)",
					"@executable_path/Frameworks",
				);
				MARKETING_VERSION = 1.0;
				PRODUCT_BUNDLE_IDENTIFIER = com.kuldeepSingh.development.HackerNews;
				PRODUCT_NAME = "$(TARGET_NAME)";
				SWIFT_EMIT_LOC_STRINGS = YES;
				SWIFT_VERSION = 5.0;
				TARGETED_DEVICE_FAMILY = "1,2";
			};
			name = Debug;
		};
		0C689D552C2B5BBF006A4235 /* Release */ = {
			isa = XCBuildConfiguration;
			buildSettings = {
				ASSETCATALOG_COMPILER_APPICON_NAME = AppIcon;
				ASSETCATALOG_COMPILER_GLOBAL_ACCENT_COLOR_NAME = AccentColor;
				CODE_SIGN_STYLE = Automatic;
				CURRENT_PROJECT_VERSION = 1;
				GENERATE_INFOPLIST_FILE = YES;
				INFOPLIST_FILE = HackerNews/Info.plist;
				INFOPLIST_KEY_UIApplicationSupportsIndirectInputEvents = YES;
				INFOPLIST_KEY_UILaunchStoryboardName = LaunchScreen;
				INFOPLIST_KEY_UIMainStoryboardFile = Main;
				INFOPLIST_KEY_UISupportedInterfaceOrientations_iPad = "UIInterfaceOrientationPortrait UIInterfaceOrientationPortraitUpsideDown UIInterfaceOrientationLandscapeLeft UIInterfaceOrientationLandscapeRight";
				INFOPLIST_KEY_UISupportedInterfaceOrientations_iPhone = "UIInterfaceOrientationPortrait UIInterfaceOrientationLandscapeLeft UIInterfaceOrientationLandscapeRight";
				LD_RUNPATH_SEARCH_PATHS = (
					"$(inherited)",
					"@executable_path/Frameworks",
				);
				MARKETING_VERSION = 1.0;
				PRODUCT_BUNDLE_IDENTIFIER = com.kuldeepSingh.development.HackerNews;
				PRODUCT_NAME = "$(TARGET_NAME)";
				SWIFT_EMIT_LOC_STRINGS = YES;
				SWIFT_VERSION = 5.0;
				TARGETED_DEVICE_FAMILY = "1,2";
			};
			name = Release;
		};
		0C689D572C2B5BBF006A4235 /* Debug */ = {
			isa = XCBuildConfiguration;
			buildSettings = {
				ALWAYS_EMBED_SWIFT_STANDARD_LIBRARIES = YES;
				BUNDLE_LOADER = "$(TEST_HOST)";
				CODE_SIGN_STYLE = Automatic;
				CURRENT_PROJECT_VERSION = 1;
				GENERATE_INFOPLIST_FILE = YES;
				IPHONEOS_DEPLOYMENT_TARGET = 17.5;
				MARKETING_VERSION = 1.0;
				PRODUCT_BUNDLE_IDENTIFIER = com.kuldeepSingh.development.HackerNewsTests;
				PRODUCT_NAME = "$(TARGET_NAME)";
				SWIFT_EMIT_LOC_STRINGS = NO;
				SWIFT_VERSION = 5.0;
				TARGETED_DEVICE_FAMILY = "1,2";
				TEST_HOST = "$(BUILT_PRODUCTS_DIR)/HackerNews.app/$(BUNDLE_EXECUTABLE_FOLDER_PATH)/HackerNews";
			};
			name = Debug;
		};
		0C689D582C2B5BBF006A4235 /* Release */ = {
			isa = XCBuildConfiguration;
			buildSettings = {
				ALWAYS_EMBED_SWIFT_STANDARD_LIBRARIES = YES;
				BUNDLE_LOADER = "$(TEST_HOST)";
				CODE_SIGN_STYLE = Automatic;
				CURRENT_PROJECT_VERSION = 1;
				GENERATE_INFOPLIST_FILE = YES;
				IPHONEOS_DEPLOYMENT_TARGET = 17.5;
				MARKETING_VERSION = 1.0;
				PRODUCT_BUNDLE_IDENTIFIER = com.kuldeepSingh.development.HackerNewsTests;
				PRODUCT_NAME = "$(TARGET_NAME)";
				SWIFT_EMIT_LOC_STRINGS = NO;
				SWIFT_VERSION = 5.0;
				TARGETED_DEVICE_FAMILY = "1,2";
				TEST_HOST = "$(BUILT_PRODUCTS_DIR)/HackerNews.app/$(BUNDLE_EXECUTABLE_FOLDER_PATH)/HackerNews";
			};
			name = Release;
		};
		0C689D5A2C2B5BBF006A4235 /* Debug */ = {
			isa = XCBuildConfiguration;
			buildSettings = {
				ALWAYS_EMBED_SWIFT_STANDARD_LIBRARIES = YES;
				CODE_SIGN_STYLE = Automatic;
				CURRENT_PROJECT_VERSION = 1;
				GENERATE_INFOPLIST_FILE = YES;
				MARKETING_VERSION = 1.0;
				PRODUCT_BUNDLE_IDENTIFIER = com.kuldeepSingh.development.HackerNewsUITests;
				PRODUCT_NAME = "$(TARGET_NAME)";
				SWIFT_EMIT_LOC_STRINGS = NO;
				SWIFT_VERSION = 5.0;
				TARGETED_DEVICE_FAMILY = "1,2";
				TEST_TARGET_NAME = HackerNews;
			};
			name = Debug;
		};
		0C689D5B2C2B5BBF006A4235 /* Release */ = {
			isa = XCBuildConfiguration;
			buildSettings = {
				ALWAYS_EMBED_SWIFT_STANDARD_LIBRARIES = YES;
				CODE_SIGN_STYLE = Automatic;
				CURRENT_PROJECT_VERSION = 1;
				GENERATE_INFOPLIST_FILE = YES;
				MARKETING_VERSION = 1.0;
				PRODUCT_BUNDLE_IDENTIFIER = com.kuldeepSingh.development.HackerNewsUITests;
				PRODUCT_NAME = "$(TARGET_NAME)";
				SWIFT_EMIT_LOC_STRINGS = NO;
				SWIFT_VERSION = 5.0;
				TARGETED_DEVICE_FAMILY = "1,2";
				TEST_TARGET_NAME = HackerNews;
			};
			name = Release;
		};
/* End XCBuildConfiguration section */

/* Begin XCConfigurationList section */
		0C689D242C2B5BBD006A4235 /* Build configuration list for PBXProject "HackerNews" */ = {
			isa = XCConfigurationList;
			buildConfigurations = (
				0C689D512C2B5BBF006A4235 /* Debug */,
				0C689D522C2B5BBF006A4235 /* Release */,
			);
			defaultConfigurationIsVisible = 0;
			defaultConfigurationName = Release;
		};
		0C689D532C2B5BBF006A4235 /* Build configuration list for PBXNativeTarget "HackerNews" */ = {
			isa = XCConfigurationList;
			buildConfigurations = (
				0C689D542C2B5BBF006A4235 /* Debug */,
				0C689D552C2B5BBF006A4235 /* Release */,
			);
			defaultConfigurationIsVisible = 0;
			defaultConfigurationName = Release;
		};
		0C689D562C2B5BBF006A4235 /* Build configuration list for PBXNativeTarget "HackerNewsTests" */ = {
			isa = XCConfigurationList;
			buildConfigurations = (
				0C689D572C2B5BBF006A4235 /* Debug */,
				0C689D582C2B5BBF006A4235 /* Release */,
			);
			defaultConfigurationIsVisible = 0;
			defaultConfigurationName = Release;
		};
		0C689D592C2B5BBF006A4235 /* Build configuration list for PBXNativeTarget "HackerNewsUITests" */ = {
			isa = XCConfigurationList;
			buildConfigurations = (
				0C689D5A2C2B5BBF006A4235 /* Debug */,
				0C689D5B2C2B5BBF006A4235 /* Release */,
			);
			defaultConfigurationIsVisible = 0;
			defaultConfigurationName = Release;
		};
/* End XCConfigurationList section */
	};
	rootObject = 0C689D212C2B5BBD006A4235 /* Project object */;
}
